
Microsoft Visual Studio Solution File, Format Version 12.00
# Visual Studio 2012
Project("{FAE04EC0-301F-11D3-BF4B-00C04F79EFBC}") = "udnz.com.ShellEx.TaggableShell", "DotNet\udnz.com.ShellEx.TaggableShell\udnz.com.ShellEx.TaggableShell.csproj", "{1CC2C525-90A7-48AA-8364-88010440D879}"
EndProject
Project("{FAE04EC0-301F-11D3-BF4B-00C04F79EFBC}") = "udnz.com.WinNative", "DotNet\udnz.com.WinNative\udnz.com.WinNative.csproj", "{1BC199DD-12F2-4F89-AB6A-518CDC6585F1}"
EndProject
Project("{FAE04EC0-301F-11D3-BF4B-00C04F79EFBC}") = "Testing", "DotNet\Testing\Testing.csproj", "{592D5AAF-E334-4A71-80A4-51A92E895AF9}"
EndProject
Project("{FAE04EC0-301F-11D3-BF4B-00C04F79EFBC}") = "Core", "DotNet\WindowsAPICodePack\Core\Core.csproj", "{2E1FB0DF-F9BB-4909-9F32-2D9D022A8E57}"
EndProject
Project("{2150E333-8FDC-42A3-9474-1A3956D46DE8}") = "WindowsAPICodePack", "WindowsAPICodePack", "{550A7511-6658-49DD-895F-F0DD2DB25FEF}"
EndProject
Project("{FAE04EC0-301F-11D3-BF4B-00C04F79EFBC}") = "Shell", "DotNet\WindowsAPICodePack\Shell\Shell.csproj", "{AA0C00CB-8699-4F37-BFAE-40CA87ACC06D}"
EndProject
Project("{FAE04EC0-301F-11D3-BF4B-00C04F79EFBC}") = "ShellExtensions", "DotNet\WindowsAPICodePack\ShellExtensions\ShellExtensions.csproj", "{F3C863EC-33F4-4ED2-9D67-00BF3EEEAB64}"
EndProject
Project("{2150E333-8FDC-42A3-9474-1A3956D46DE8}") = "DotNet", "DotNet", "{8740A43C-F4A5-4CE4-A8C4-6E086A898A56}"
EndProject
Project("{2150E333-8FDC-42A3-9474-1A3956D46DE8}") = "C++", "C++", "{3A4C1F01-EF4E-416D-8657-8892A3D56E6C}"
EndProject
Project("{8BC9CEB8-8B4A-11D0-8D11-00A0C91BC942}") = "udnz.com.ShellEx.TaggableShell", "C++\udnz.com.ShellEx.TaggableShell\udnz.com.ShellEx.TaggableShell.vcxproj", "{676CF94F-6CA6-48C0-80D1-7F5BB86A7EE8}"
EndProject
Project("{8BC9CEB8-8B4A-11D0-8D11-00A0C91BC942}") = "TaggableShellEx.Handlers", "C++\TaggableShellEx.Handlers\ContextMenuHandlers.vcxproj", "{7B7293B6-EDCA-4A43-A75A-25C515AB47D0}"
EndProject
Global
	GlobalSection(SolutionConfigurationPlatforms) = preSolution
		CodeAnalysisDebug|Any CPU = CodeAnalysisDebug|Any CPU
		CodeAnalysisDebug|Mixed Platforms = CodeAnalysisDebug|Mixed Platforms
		CodeAnalysisDebug|Win32 = CodeAnalysisDebug|Win32
		CodeAnalysisDebug|x64 = CodeAnalysisDebug|x64
		CodeAnalysisDebug|x86 = CodeAnalysisDebug|x86
		Debug|Any CPU = Debug|Any CPU
		Debug|Mixed Platforms = Debug|Mixed Platforms
		Debug|Win32 = Debug|Win32
		Debug|x64 = Debug|x64
		Debug|x86 = Debug|x86
		Release|Any CPU = Release|Any CPU
		Release|Mixed Platforms = Release|Mixed Platforms
		Release|Win32 = Release|Win32
		Release|x64 = Release|x64
		Release|x86 = Release|x86
	EndGlobalSection
	GlobalSection(ProjectConfigurationPlatforms) = postSolution
		{1CC2C525-90A7-48AA-8364-88010440D879}.CodeAnalysisDebug|Any CPU.ActiveCfg = Debug|Any CPU
		{1CC2C525-90A7-48AA-8364-88010440D879}.CodeAnalysisDebug|Any CPU.Build.0 = Debug|Any CPU
		{1CC2C525-90A7-48AA-8364-88010440D879}.CodeAnalysisDebug|Mixed Platforms.ActiveCfg = Debug|x86
		{1CC2C525-90A7-48AA-8364-88010440D879}.CodeAnalysisDebug|Mixed Platforms.Build.0 = Debug|x86
		{1CC2C525-90A7-48AA-8364-88010440D879}.CodeAnalysisDebug|Win32.ActiveCfg = Debug|x86
		{1CC2C525-90A7-48AA-8364-88010440D879}.CodeAnalysisDebug|Win32.Build.0 = Debug|x86
		{1CC2C525-90A7-48AA-8364-88010440D879}.CodeAnalysisDebug|x64.ActiveCfg = Debug|x64
		{1CC2C525-90A7-48AA-8364-88010440D879}.CodeAnalysisDebug|x64.Build.0 = Debug|x64
		{1CC2C525-90A7-48AA-8364-88010440D879}.CodeAnalysisDebug|x86.ActiveCfg = Debug|x86
		{1CC2C525-90A7-48AA-8364-88010440D879}.CodeAnalysisDebug|x86.Build.0 = Debug|x86
		{1CC2C525-90A7-48AA-8364-88010440D879}.Debug|Any CPU.ActiveCfg = Debug|Any CPU
		{1CC2C525-90A7-48AA-8364-88010440D879}.Debug|Any CPU.Build.0 = Debug|Any CPU
		{1CC2C525-90A7-48AA-8364-88010440D879}.Debug|Mixed Platforms.ActiveCfg = Debug|x86
		{1CC2C525-90A7-48AA-8364-88010440D879}.Debug|Win32.ActiveCfg = Debug|x86
		{1CC2C525-90A7-48AA-8364-88010440D879}.Debug|Win32.Build.0 = Debug|x86
		{1CC2C525-90A7-48AA-8364-88010440D879}.Debug|x64.ActiveCfg = Debug|x64
		{1CC2C525-90A7-48AA-8364-88010440D879}.Debug|x64.Build.0 = Debug|x64
		{1CC2C525-90A7-48AA-8364-88010440D879}.Debug|x86.ActiveCfg = Debug|x86
		{1CC2C525-90A7-48AA-8364-88010440D879}.Debug|x86.Build.0 = Debug|x86
		{1CC2C525-90A7-48AA-8364-88010440D879}.Release|Any CPU.ActiveCfg = Release|Any CPU
		{1CC2C525-90A7-48AA-8364-88010440D879}.Release|Any CPU.Build.0 = Release|Any CPU
		{1CC2C525-90A7-48AA-8364-88010440D879}.Release|Mixed Platforms.ActiveCfg = Release|x86
		{1CC2C525-90A7-48AA-8364-88010440D879}.Release|Mixed Platforms.Build.0 = Release|x86
		{1CC2C525-90A7-48AA-8364-88010440D879}.Release|Win32.ActiveCfg = Release|x86
		{1CC2C525-90A7-48AA-8364-88010440D879}.Release|Win32.Build.0 = Release|x86
		{1CC2C525-90A7-48AA-8364-88010440D879}.Release|x64.ActiveCfg = Release|x64
		{1CC2C525-90A7-48AA-8364-88010440D879}.Release|x64.Build.0 = Release|x64
		{1CC2C525-90A7-48AA-8364-88010440D879}.Release|x86.ActiveCfg = Release|x86
		{1CC2C525-90A7-48AA-8364-88010440D879}.Release|x86.Build.0 = Release|x86
		{1BC199DD-12F2-4F89-AB6A-518CDC6585F1}.CodeAnalysisDebug|Any CPU.ActiveCfg = Debug|Any CPU
		{1BC199DD-12F2-4F89-AB6A-518CDC6585F1}.CodeAnalysisDebug|Any CPU.Build.0 = Debug|Any CPU
		{1BC199DD-12F2-4F89-AB6A-518CDC6585F1}.CodeAnalysisDebug|Mixed Platforms.ActiveCfg = Debug|x86
		{1BC199DD-12F2-4F89-AB6A-518CDC6585F1}.CodeAnalysisDebug|Mixed Platforms.Build.0 = Debug|x86
		{1BC199DD-12F2-4F89-AB6A-518CDC6585F1}.CodeAnalysisDebug|Win32.ActiveCfg = Debug|x86
		{1BC199DD-12F2-4F89-AB6A-518CDC6585F1}.CodeAnalysisDebug|Win32.Build.0 = Debug|x86
		{1BC199DD-12F2-4F89-AB6A-518CDC6585F1}.CodeAnalysisDebug|x64.ActiveCfg = Debug|x64
		{1BC199DD-12F2-4F89-AB6A-518CDC6585F1}.CodeAnalysisDebug|x64.Build.0 = Debug|x64
		{1BC199DD-12F2-4F89-AB6A-518CDC6585F1}.CodeAnalysisDebug|x86.ActiveCfg = Debug|x86
		{1BC199DD-12F2-4F89-AB6A-518CDC6585F1}.CodeAnalysisDebug|x86.Build.0 = Debug|x86
		{1BC199DD-12F2-4F89-AB6A-518CDC6585F1}.Debug|Any CPU.ActiveCfg = Debug|Any CPU
		{1BC199DD-12F2-4F89-AB6A-518CDC6585F1}.Debug|Any CPU.Build.0 = Debug|Any CPU
		{1BC199DD-12F2-4F89-AB6A-518CDC6585F1}.Debug|Mixed Platforms.ActiveCfg = Debug|x86
		{1BC199DD-12F2-4F89-AB6A-518CDC6585F1}.Debug|Win32.ActiveCfg = Debug|x86
		{1BC199DD-12F2-4F89-AB6A-518CDC6585F1}.Debug|Win32.Build.0 = Debug|x86
		{1BC199DD-12F2-4F89-AB6A-518CDC6585F1}.Debug|x64.ActiveCfg = Debug|x64
		{1BC199DD-12F2-4F89-AB6A-518CDC6585F1}.Debug|x64.Build.0 = Debug|x64
		{1BC199DD-12F2-4F89-AB6A-518CDC6585F1}.Debug|x86.ActiveCfg = Debug|x86
		{1BC199DD-12F2-4F89-AB6A-518CDC6585F1}.Debug|x86.Build.0 = Debug|x86
		{1BC199DD-12F2-4F89-AB6A-518CDC6585F1}.Release|Any CPU.ActiveCfg = Release|Any CPU
		{1BC199DD-12F2-4F89-AB6A-518CDC6585F1}.Release|Any CPU.Build.0 = Release|Any CPU
		{1BC199DD-12F2-4F89-AB6A-518CDC6585F1}.Release|Mixed Platforms.ActiveCfg = Release|x86
		{1BC199DD-12F2-4F89-AB6A-518CDC6585F1}.Release|Mixed Platforms.Build.0 = Release|x86
		{1BC199DD-12F2-4F89-AB6A-518CDC6585F1}.Release|Win32.ActiveCfg = Release|x86
		{1BC199DD-12F2-4F89-AB6A-518CDC6585F1}.Release|Win32.Build.0 = Release|x86
		{1BC199DD-12F2-4F89-AB6A-518CDC6585F1}.Release|x64.ActiveCfg = Release|x64
		{1BC199DD-12F2-4F89-AB6A-518CDC6585F1}.Release|x64.Build.0 = Release|x64
		{1BC199DD-12F2-4F89-AB6A-518CDC6585F1}.Release|x86.ActiveCfg = Release|x86
		{1BC199DD-12F2-4F89-AB6A-518CDC6585F1}.Release|x86.Build.0 = Release|x86
		{592D5AAF-E334-4A71-80A4-51A92E895AF9}.CodeAnalysisDebug|Any CPU.ActiveCfg = Debug|Any CPU
		{592D5AAF-E334-4A71-80A4-51A92E895AF9}.CodeAnalysisDebug|Any CPU.Build.0 = Debug|Any CPU
		{592D5AAF-E334-4A71-80A4-51A92E895AF9}.CodeAnalysisDebug|Mixed Platforms.ActiveCfg = Debug|x86
		{592D5AAF-E334-4A71-80A4-51A92E895AF9}.CodeAnalysisDebug|Mixed Platforms.Build.0 = Debug|x86
		{592D5AAF-E334-4A71-80A4-51A92E895AF9}.CodeAnalysisDebug|Win32.ActiveCfg = Debug|x86
		{592D5AAF-E334-4A71-80A4-51A92E895AF9}.CodeAnalysisDebug|Win32.Build.0 = Debug|x86
		{592D5AAF-E334-4A71-80A4-51A92E895AF9}.CodeAnalysisDebug|x64.ActiveCfg = Debug|x64
		{592D5AAF-E334-4A71-80A4-51A92E895AF9}.CodeAnalysisDebug|x64.Build.0 = Debug|x64
		{592D5AAF-E334-4A71-80A4-51A92E895AF9}.CodeAnalysisDebug|x86.ActiveCfg = Debug|x86
		{592D5AAF-E334-4A71-80A4-51A92E895AF9}.CodeAnalysisDebug|x86.Build.0 = Debug|x86
		{592D5AAF-E334-4A71-80A4-51A92E895AF9}.Debug|Any CPU.ActiveCfg = Debug|Any CPU
		{592D5AAF-E334-4A71-80A4-51A92E895AF9}.Debug|Any CPU.Build.0 = Debug|Any CPU
		{592D5AAF-E334-4A71-80A4-51A92E895AF9}.Debug|Mixed Platforms.ActiveCfg = Debug|x86
		{592D5AAF-E334-4A71-80A4-51A92E895AF9}.Debug|Win32.ActiveCfg = Debug|x86
		{592D5AAF-E334-4A71-80A4-51A92E895AF9}.Debug|Win32.Build.0 = Debug|x86
		{592D5AAF-E334-4A71-80A4-51A92E895AF9}.Debug|x64.ActiveCfg = Debug|x64
		{592D5AAF-E334-4A71-80A4-51A92E895AF9}.Debug|x64.Build.0 = Debug|x64
		{592D5AAF-E334-4A71-80A4-51A92E895AF9}.Debug|x86.ActiveCfg = Debug|x86
		{592D5AAF-E334-4A71-80A4-51A92E895AF9}.Debug|x86.Build.0 = Debug|x86
		{592D5AAF-E334-4A71-80A4-51A92E895AF9}.Release|Any CPU.ActiveCfg = Release|Any CPU
		{592D5AAF-E334-4A71-80A4-51A92E895AF9}.Release|Any CPU.Build.0 = Release|Any CPU
		{592D5AAF-E334-4A71-80A4-51A92E895AF9}.Release|Mixed Platforms.ActiveCfg = Release|x86
		{592D5AAF-E334-4A71-80A4-51A92E895AF9}.Release|Mixed Platforms.Build.0 = Release|x86
		{592D5AAF-E334-4A71-80A4-51A92E895AF9}.Release|Win32.ActiveCfg = Release|x86
		{592D5AAF-E334-4A71-80A4-51A92E895AF9}.Release|Win32.Build.0 = Release|x86
		{592D5AAF-E334-4A71-80A4-51A92E895AF9}.Release|x64.ActiveCfg = Release|x64
		{592D5AAF-E334-4A71-80A4-51A92E895AF9}.Release|x64.Build.0 = Release|x64
		{592D5AAF-E334-4A71-80A4-51A92E895AF9}.Release|x86.ActiveCfg = Release|x86
		{592D5AAF-E334-4A71-80A4-51A92E895AF9}.Release|x86.Build.0 = Release|x86
		{2E1FB0DF-F9BB-4909-9F32-2D9D022A8E57}.CodeAnalysisDebug|Any CPU.ActiveCfg = Debug|Any CPU
		{2E1FB0DF-F9BB-4909-9F32-2D9D022A8E57}.CodeAnalysisDebug|Any CPU.Build.0 = Debug|Any CPU
		{2E1FB0DF-F9BB-4909-9F32-2D9D022A8E57}.CodeAnalysisDebug|Mixed Platforms.ActiveCfg = Debug|x64
		{2E1FB0DF-F9BB-4909-9F32-2D9D022A8E57}.CodeAnalysisDebug|Mixed Platforms.Build.0 = Debug|x64
		{2E1FB0DF-F9BB-4909-9F32-2D9D022A8E57}.CodeAnalysisDebug|Win32.ActiveCfg = Debug|x86
		{2E1FB0DF-F9BB-4909-9F32-2D9D022A8E57}.CodeAnalysisDebug|Win32.Build.0 = Debug|x86
		{2E1FB0DF-F9BB-4909-9F32-2D9D022A8E57}.CodeAnalysisDebug|x64.ActiveCfg = Debug|x64
		{2E1FB0DF-F9BB-4909-9F32-2D9D022A8E57}.CodeAnalysisDebug|x64.Build.0 = Debug|x64
		{2E1FB0DF-F9BB-4909-9F32-2D9D022A8E57}.CodeAnalysisDebug|x86.ActiveCfg = Debug|Any CPU
		{2E1FB0DF-F9BB-4909-9F32-2D9D022A8E57}.Debug|Any CPU.ActiveCfg = Debug|Any CPU
		{2E1FB0DF-F9BB-4909-9F32-2D9D022A8E57}.Debug|Any CPU.Build.0 = Debug|Any CPU
		{2E1FB0DF-F9BB-4909-9F32-2D9D022A8E57}.Debug|Mixed Platforms.ActiveCfg = Debug|x86
		{2E1FB0DF-F9BB-4909-9F32-2D9D022A8E57}.Debug|Win32.ActiveCfg = Debug|x86
		{2E1FB0DF-F9BB-4909-9F32-2D9D022A8E57}.Debug|Win32.Build.0 = Debug|x86
		{2E1FB0DF-F9BB-4909-9F32-2D9D022A8E57}.Debug|x64.ActiveCfg = Debug|x64
		{2E1FB0DF-F9BB-4909-9F32-2D9D022A8E57}.Debug|x64.Build.0 = Debug|x64
		{2E1FB0DF-F9BB-4909-9F32-2D9D022A8E57}.Debug|x86.ActiveCfg = Debug|x86
		{2E1FB0DF-F9BB-4909-9F32-2D9D022A8E57}.Debug|x86.Build.0 = Debug|x86
		{2E1FB0DF-F9BB-4909-9F32-2D9D022A8E57}.Release|Any CPU.ActiveCfg = Release|Any CPU
		{2E1FB0DF-F9BB-4909-9F32-2D9D022A8E57}.Release|Any CPU.Build.0 = Release|Any CPU
		{2E1FB0DF-F9BB-4909-9F32-2D9D022A8E57}.Release|Mixed Platforms.ActiveCfg = Release|Any CPU
		{2E1FB0DF-F9BB-4909-9F32-2D9D022A8E57}.Release|Mixed Platforms.Build.0 = Release|Any CPU
		{2E1FB0DF-F9BB-4909-9F32-2D9D022A8E57}.Release|Win32.ActiveCfg = Release|x86
		{2E1FB0DF-F9BB-4909-9F32-2D9D022A8E57}.Release|Win32.Build.0 = Release|x86
		{2E1FB0DF-F9BB-4909-9F32-2D9D022A8E57}.Release|x64.ActiveCfg = Release|x64
		{2E1FB0DF-F9BB-4909-9F32-2D9D022A8E57}.Release|x64.Build.0 = Release|x64
		{2E1FB0DF-F9BB-4909-9F32-2D9D022A8E57}.Release|x86.ActiveCfg = Release|x86
		{2E1FB0DF-F9BB-4909-9F32-2D9D022A8E57}.Release|x86.Build.0 = Release|x86
		{AA0C00CB-8699-4F37-BFAE-40CA87ACC06D}.CodeAnalysisDebug|Any CPU.ActiveCfg = CodeAnalysisDebug|Any CPU
		{AA0C00CB-8699-4F37-BFAE-40CA87ACC06D}.CodeAnalysisDebug|Any CPU.Build.0 = CodeAnalysisDebug|Any CPU
		{AA0C00CB-8699-4F37-BFAE-40CA87ACC06D}.CodeAnalysisDebug|Mixed Platforms.ActiveCfg = CodeAnalysisDebug|x64
		{AA0C00CB-8699-4F37-BFAE-40CA87ACC06D}.CodeAnalysisDebug|Mixed Platforms.Build.0 = CodeAnalysisDebug|x64
		{AA0C00CB-8699-4F37-BFAE-40CA87ACC06D}.CodeAnalysisDebug|Win32.ActiveCfg = CodeAnalysisDebug|x86
		{AA0C00CB-8699-4F37-BFAE-40CA87ACC06D}.CodeAnalysisDebug|Win32.Build.0 = CodeAnalysisDebug|x86
		{AA0C00CB-8699-4F37-BFAE-40CA87ACC06D}.CodeAnalysisDebug|x64.ActiveCfg = CodeAnalysisDebug|x64
		{AA0C00CB-8699-4F37-BFAE-40CA87ACC06D}.CodeAnalysisDebug|x64.Build.0 = CodeAnalysisDebug|x64
		{AA0C00CB-8699-4F37-BFAE-40CA87ACC06D}.CodeAnalysisDebug|x86.ActiveCfg = CodeAnalysisDebug|Any CPU
		{AA0C00CB-8699-4F37-BFAE-40CA87ACC06D}.Debug|Any CPU.ActiveCfg = Debug|Any CPU
		{AA0C00CB-8699-4F37-BFAE-40CA87ACC06D}.Debug|Any CPU.Build.0 = Debug|Any CPU
		{AA0C00CB-8699-4F37-BFAE-40CA87ACC06D}.Debug|Mixed Platforms.ActiveCfg = Debug|x86
		{AA0C00CB-8699-4F37-BFAE-40CA87ACC06D}.Debug|Win32.ActiveCfg = Debug|x86
		{AA0C00CB-8699-4F37-BFAE-40CA87ACC06D}.Debug|Win32.Build.0 = Debug|x86
		{AA0C00CB-8699-4F37-BFAE-40CA87ACC06D}.Debug|x64.ActiveCfg = Debug|x64
		{AA0C00CB-8699-4F37-BFAE-40CA87ACC06D}.Debug|x64.Build.0 = Debug|x64
		{AA0C00CB-8699-4F37-BFAE-40CA87ACC06D}.Debug|x86.ActiveCfg = Debug|x86
		{AA0C00CB-8699-4F37-BFAE-40CA87ACC06D}.Debug|x86.Build.0 = Debug|x86
		{AA0C00CB-8699-4F37-BFAE-40CA87ACC06D}.Release|Any CPU.ActiveCfg = Release|Any CPU
		{AA0C00CB-8699-4F37-BFAE-40CA87ACC06D}.Release|Any CPU.Build.0 = Release|Any CPU
		{AA0C00CB-8699-4F37-BFAE-40CA87ACC06D}.Release|Mixed Platforms.ActiveCfg = Release|Any CPU
		{AA0C00CB-8699-4F37-BFAE-40CA87ACC06D}.Release|Mixed Platforms.Build.0 = Release|Any CPU
		{AA0C00CB-8699-4F37-BFAE-40CA87ACC06D}.Release|Win32.ActiveCfg = Release|x86
		{AA0C00CB-8699-4F37-BFAE-40CA87ACC06D}.Release|Win32.Build.0 = Release|x86
		{AA0C00CB-8699-4F37-BFAE-40CA87ACC06D}.Release|x64.ActiveCfg = Release|x64
		{AA0C00CB-8699-4F37-BFAE-40CA87ACC06D}.Release|x64.Build.0 = Release|x64
		{AA0C00CB-8699-4F37-BFAE-40CA87ACC06D}.Release|x86.ActiveCfg = Release|x86
		{AA0C00CB-8699-4F37-BFAE-40CA87ACC06D}.Release|x86.Build.0 = Release|x86
		{F3C863EC-33F4-4ED2-9D67-00BF3EEEAB64}.CodeAnalysisDebug|Any CPU.ActiveCfg = Debug|Any CPU
		{F3C863EC-33F4-4ED2-9D67-00BF3EEEAB64}.CodeAnalysisDebug|Any CPU.Build.0 = Debug|Any CPU
		{F3C863EC-33F4-4ED2-9D67-00BF3EEEAB64}.CodeAnalysisDebug|Mixed Platforms.ActiveCfg = Debug|x64
		{F3C863EC-33F4-4ED2-9D67-00BF3EEEAB64}.CodeAnalysisDebug|Mixed Platforms.Build.0 = Debug|x64
		{F3C863EC-33F4-4ED2-9D67-00BF3EEEAB64}.CodeAnalysisDebug|Win32.ActiveCfg = Debug|x86
		{F3C863EC-33F4-4ED2-9D67-00BF3EEEAB64}.CodeAnalysisDebug|Win32.Build.0 = Debug|x86
		{F3C863EC-33F4-4ED2-9D67-00BF3EEEAB64}.CodeAnalysisDebug|x64.ActiveCfg = Debug|x64
		{F3C863EC-33F4-4ED2-9D67-00BF3EEEAB64}.CodeAnalysisDebug|x64.Build.0 = Debug|x64
		{F3C863EC-33F4-4ED2-9D67-00BF3EEEAB64}.CodeAnalysisDebug|x86.ActiveCfg = Debug|Any CPU
		{F3C863EC-33F4-4ED2-9D67-00BF3EEEAB64}.Debug|Any CPU.ActiveCfg = Debug|Any CPU
		{F3C863EC-33F4-4ED2-9D67-00BF3EEEAB64}.Debug|Any CPU.Build.0 = Debug|Any CPU
		{F3C863EC-33F4-4ED2-9D67-00BF3EEEAB64}.Debug|Mixed Platforms.ActiveCfg = Debug|x86
		{F3C863EC-33F4-4ED2-9D67-00BF3EEEAB64}.Debug|Win32.ActiveCfg = Debug|x86
		{F3C863EC-33F4-4ED2-9D67-00BF3EEEAB64}.Debug|Win32.Build.0 = Debug|x86
		{F3C863EC-33F4-4ED2-9D67-00BF3EEEAB64}.Debug|x64.ActiveCfg = Debug|x64
		{F3C863EC-33F4-4ED2-9D67-00BF3EEEAB64}.Debug|x64.Build.0 = Debug|x64
		{F3C863EC-33F4-4ED2-9D67-00BF3EEEAB64}.Debug|x86.ActiveCfg = Debug|x86
		{F3C863EC-33F4-4ED2-9D67-00BF3EEEAB64}.Debug|x86.Build.0 = Debug|x86
		{F3C863EC-33F4-4ED2-9D67-00BF3EEEAB64}.Release|Any CPU.ActiveCfg = Release|Any CPU
		{F3C863EC-33F4-4ED2-9D67-00BF3EEEAB64}.Release|Any CPU.Build.0 = Release|Any CPU
		{F3C863EC-33F4-4ED2-9D67-00BF3EEEAB64}.Release|Mixed Platforms.ActiveCfg = Release|Any CPU
		{F3C863EC-33F4-4ED2-9D67-00BF3EEEAB64}.Release|Mixed Platforms.Build.0 = Release|Any CPU
		{F3C863EC-33F4-4ED2-9D67-00BF3EEEAB64}.Release|Win32.ActiveCfg = Release|x86
		{F3C863EC-33F4-4ED2-9D67-00BF3EEEAB64}.Release|Win32.Build.0 = Release|x86
		{F3C863EC-33F4-4ED2-9D67-00BF3EEEAB64}.Release|x64.ActiveCfg = Release|x64
		{F3C863EC-33F4-4ED2-9D67-00BF3EEEAB64}.Release|x64.Build.0 = Release|x64
		{F3C863EC-33F4-4ED2-9D67-00BF3EEEAB64}.Release|x86.ActiveCfg = Release|x86
		{F3C863EC-33F4-4ED2-9D67-00BF3EEEAB64}.Release|x86.Build.0 = Release|x86
		{676CF94F-6CA6-48C0-80D1-7F5BB86A7EE8}.CodeAnalysisDebug|Any CPU.ActiveCfg = Debug|Win32
		{676CF94F-6CA6-48C0-80D1-7F5BB86A7EE8}.CodeAnalysisDebug|Mixed Platforms.ActiveCfg = Debug|Win32
		{676CF94F-6CA6-48C0-80D1-7F5BB86A7EE8}.CodeAnalysisDebug|Mixed Platforms.Build.0 = Debug|Win32
		{676CF94F-6CA6-48C0-80D1-7F5BB86A7EE8}.CodeAnalysisDebug|Win32.ActiveCfg = Debug|Win32
		{676CF94F-6CA6-48C0-80D1-7F5BB86A7EE8}.CodeAnalysisDebug|Win32.Build.0 = Debug|Win32
		{676CF94F-6CA6-48C0-80D1-7F5BB86A7EE8}.CodeAnalysisDebug|x64.ActiveCfg = Debug|Win32
		{676CF94F-6CA6-48C0-80D1-7F5BB86A7EE8}.CodeAnalysisDebug|x86.ActiveCfg = Debug|Win32
		{676CF94F-6CA6-48C0-80D1-7F5BB86A7EE8}.Debug|Any CPU.ActiveCfg = Debug|Win32
		{676CF94F-6CA6-48C0-80D1-7F5BB86A7EE8}.Debug|Any CPU.Build.0 = Debug|Win32
		{676CF94F-6CA6-48C0-80D1-7F5BB86A7EE8}.Debug|Mixed Platforms.ActiveCfg = Debug|Win32
		{676CF94F-6CA6-48C0-80D1-7F5BB86A7EE8}.Debug|Mixed Platforms.Build.0 = Debug|Win32
		{676CF94F-6CA6-48C0-80D1-7F5BB86A7EE8}.Debug|Win32.ActiveCfg = Debug|Win32
		{676CF94F-6CA6-48C0-80D1-7F5BB86A7EE8}.Debug|Win32.Build.0 = Debug|Win32
		{676CF94F-6CA6-48C0-80D1-7F5BB86A7EE8}.Debug|x64.ActiveCfg = Debug|x64
		{676CF94F-6CA6-48C0-80D1-7F5BB86A7EE8}.Debug|x64.Build.0 = Debug|x64
		{676CF94F-6CA6-48C0-80D1-7F5BB86A7EE8}.Debug|x86.ActiveCfg = Debug|Win32
		{676CF94F-6CA6-48C0-80D1-7F5BB86A7EE8}.Debug|x86.Build.0 = Debug|Win32
		{676CF94F-6CA6-48C0-80D1-7F5BB86A7EE8}.Release|Any CPU.ActiveCfg = Release|Win32
		{676CF94F-6CA6-48C0-80D1-7F5BB86A7EE8}.Release|Any CPU.Build.0 = Release|Win32
		{676CF94F-6CA6-48C0-80D1-7F5BB86A7EE8}.Release|Mixed Platforms.ActiveCfg = Release|Win32
		{676CF94F-6CA6-48C0-80D1-7F5BB86A7EE8}.Release|Mixed Platforms.Build.0 = Release|Win32
		{676CF94F-6CA6-48C0-80D1-7F5BB86A7EE8}.Release|Win32.ActiveCfg = Release|Win32
		{676CF94F-6CA6-48C0-80D1-7F5BB86A7EE8}.Release|Win32.Build.0 = Release|Win32
		{676CF94F-6CA6-48C0-80D1-7F5BB86A7EE8}.Release|x64.ActiveCfg = Release|x64
		{676CF94F-6CA6-48C0-80D1-7F5BB86A7EE8}.Release|x64.Build.0 = Release|x64
		{676CF94F-6CA6-48C0-80D1-7F5BB86A7EE8}.Release|x86.ActiveCfg = Release|Win32
		{676CF94F-6CA6-48C0-80D1-7F5BB86A7EE8}.Release|x86.Build.0 = Release|Win32
		{7B7293B6-EDCA-4A43-A75A-25C515AB47D0}.CodeAnalysisDebug|Any CPU.ActiveCfg = Debug|Win32
		{7B7293B6-EDCA-4A43-A75A-25C515AB47D0}.CodeAnalysisDebug|Mixed Platforms.ActiveCfg = Debug|Win32
		{7B7293B6-EDCA-4A43-A75A-25C515AB47D0}.CodeAnalysisDebug|Mixed Platforms.Build.0 = Debug|Win32
		{7B7293B6-EDCA-4A43-A75A-25C515AB47D0}.CodeAnalysisDebug|Win32.ActiveCfg = Debug|Win32
		{7B7293B6-EDCA-4A43-A75A-25C515AB47D0}.CodeAnalysisDebug|Win32.Build.0 = Debug|Win32
		{7B7293B6-EDCA-4A43-A75A-25C515AB47D0}.CodeAnalysisDebug|x64.ActiveCfg = Debug|Win32
		{7B7293B6-EDCA-4A43-A75A-25C515AB47D0}.CodeAnalysisDebug|x86.ActiveCfg = Debug|Win32
		{7B7293B6-EDCA-4A43-A75A-25C515AB47D0}.CodeAnalysisDebug|x86.Build.0 = Debug|Win32
		{7B7293B6-EDCA-4A43-A75A-25C515AB47D0}.Debug|Any CPU.ActiveCfg = Debug|Win32
		{7B7293B6-EDCA-4A43-A75A-25C515AB47D0}.Debug|Any CPU.Build.0 = Debug|Win32
		{7B7293B6-EDCA-4A43-A75A-25C515AB47D0}.Debug|Mixed Platforms.ActiveCfg = Debug|Win32
		{7B7293B6-EDCA-4A43-A75A-25C515AB47D0}.Debug|Mixed Platforms.Build.0 = Debug|Win32
		{7B7293B6-EDCA-4A43-A75A-25C515AB47D0}.Debug|Win32.ActiveCfg = Debug|Win32
		{7B7293B6-EDCA-4A43-A75A-25C515AB47D0}.Debug|Win32.Build.0 = Debug|Win32
		{7B7293B6-EDCA-4A43-A75A-25C515AB47D0}.Debug|x64.ActiveCfg = Debug|x64
		{7B7293B6-EDCA-4A43-A75A-25C515AB47D0}.Debug|x64.Build.0 = Debug|x64
		{7B7293B6-EDCA-4A43-A75A-25C515AB47D0}.Debug|x86.ActiveCfg = Debug|Win32
		{7B7293B6-EDCA-4A43-A75A-25C515AB47D0}.Debug|x86.Build.0 = Debug|Win32
		{7B7293B6-EDCA-4A43-A75A-25C515AB47D0}.Release|Any CPU.ActiveCfg = Release|Win32
		{7B7293B6-EDCA-4A43-A75A-25C515AB47D0}.Release|Mixed Platforms.ActiveCfg = Release|Win32
		{7B7293B6-EDCA-4A43-A75A-25C515AB47D0}.Release|Mixed Platforms.Build.0 = Release|Win32
		{7B7293B6-EDCA-4A43-A75A-25C515AB47D0}.Release|Win32.ActiveCfg = Release|Win32
		{7B7293B6-EDCA-4A43-A75A-25C515AB47D0}.Release|Win32.Build.0 = Release|Win32
		{7B7293B6-EDCA-4A43-A75A-25C515AB47D0}.Release|x64.ActiveCfg = Release|x64
		{7B7293B6-EDCA-4A43-A75A-25C515AB47D0}.Release|x64.Build.0 = Release|x64
		{7B7293B6-EDCA-4A43-A75A-25C515AB47D0}.Release|x86.ActiveCfg = Release|Win32
		{7B7293B6-EDCA-4A43-A75A-25C515AB47D0}.Release|x86.Build.0 = Release|Win32
	EndGlobalSection
	GlobalSection(SolutionProperties) = preSolution
		HideSolutionNode = FALSE
	EndGlobalSection
	GlobalSection(NestedProjects) = preSolution
		{1BC199DD-12F2-4F89-AB6A-518CDC6585F1} = {8740A43C-F4A5-4CE4-A8C4-6E086A898A56}
		{592D5AAF-E334-4A71-80A4-51A92E895AF9} = {8740A43C-F4A5-4CE4-A8C4-6E086A898A56}
		{550A7511-6658-49DD-895F-F0DD2DB25FEF} = {8740A43C-F4A5-4CE4-A8C4-6E086A898A56}
		{1CC2C525-90A7-48AA-8364-88010440D879} = {8740A43C-F4A5-4CE4-A8C4-6E086A898A56}
		{2E1FB0DF-F9BB-4909-9F32-2D9D022A8E57} = {550A7511-6658-49DD-895F-F0DD2DB25FEF}
		{AA0C00CB-8699-4F37-BFAE-40CA87ACC06D} = {550A7511-6658-49DD-895F-F0DD2DB25FEF}
		{F3C863EC-33F4-4ED2-9D67-00BF3EEEAB64} = {550A7511-6658-49DD-895F-F0DD2DB25FEF}
		{676CF94F-6CA6-48C0-80D1-7F5BB86A7EE8} = {3A4C1F01-EF4E-416D-8657-8892A3D56E6C}
		{7B7293B6-EDCA-4A43-A75A-25C515AB47D0} = {3A4C1F01-EF4E-416D-8657-8892A3D56E6C}
	EndGlobalSection
EndGlobal
