<?xml version="1.0" encoding="utf-8"?>
<Project ToolsVersion="4.0" xmlns="http://schemas.microsoft.com/developer/msbuild/2003">
  <ItemGroup>
    <Filter Include="资源文件">
      <UniqueIdentifier>{67DA6AB6-F800-4c08-8B7A-83BB121AAD01}</UniqueIdentifier>
      <Extensions>rc;ico;cur;bmp;dlg;rc2;rct;bin;rgs;gif;jpg;jpeg;jpe;resx;tiff;tif;png;wav;mfcribbon-ms</Extensions>
    </Filter>
    <Filter Include="sqlite">
      <UniqueIdentifier>{7068f556-f587-4b9b-b6f0-5bcc78ad892f}</UniqueIdentifier>
    </Filter>
    <Filter Include="include">
      <UniqueIdentifier>{93995380-89BD-4b04-88EB-625FBE52EBFB}</UniqueIdentifier>
      <Extensions>h;hpp;hxx;hm;inl;inc;xsd</Extensions>
    </Filter>
    <Filter Include="src">
      <UniqueIdentifier>{4FC737F1-C7A5-4376-A066-2A32D752A2FF}</UniqueIdentifier>
      <Extensions>cpp;c;cc;cxx;def;odl;idl;hpj;bat;asm;asmx</Extensions>
    </Filter>
  </ItemGroup>
  <ItemGroup>
    <ClCompile Include="sqlite-201310070036\src\shell.c">
      <Filter>sqlite</Filter>
    </ClCompile>
    <ClCompile Include="sqlite-201310070036\src\sqlite3.c">
      <Filter>sqlite</Filter>
    </ClCompile>
    <ClCompile Include="src\dllmain.cpp">
      <Filter>src</Filter>
    </ClCompile>
    <ClCompile Include="src\stdafx.cpp">
      <Filter>src</Filter>
    </ClCompile>
    <ClCompile Include="src\TaggableShellEx.CHandler.ContextMenu.cpp">
      <Filter>src</Filter>
    </ClCompile>
    <ClCompile Include="src\TaggableShellEx.CHandler.cpp">
      <Filter>src</Filter>
    </ClCompile>
    <ClCompile Include="src\TaggableShellEx.CHandler.PropertyPage.cpp">
      <Filter>src</Filter>
    </ClCompile>
    <ClCompile Include="src\TaggableShellEx.Taghelper.cpp">
      <Filter>src</Filter>
    </ClCompile>
    <ClCompile Include="src\TaggableShellEx.Utils.cpp">
      <Filter>src</Filter>
    </ClCompile>
    <ClCompile Include="src\TaggableShellEx.Form.TagManager.cpp">
      <Filter>src</Filter>
    </ClCompile>
    <ClCompile Include="src\TaggableShellEx.NsExt.CShellViewImpl.cpp">
      <Filter>src</Filter>
    </ClCompile>
    <ClCompile Include="src\TaggableShellEx.NsExt.CShellFolderImpl.cpp">
      <Filter>src</Filter>
    </ClCompile>
    <ClCompile Include="src\TaggableShellEx.NsExt.CEnumIDListImpl.cpp">
      <Filter>src</Filter>
    </ClCompile>
    <ClCompile Include="src\PidlMgr.cpp">
      <Filter>src</Filter>
    </ClCompile>
  </ItemGroup>
  <ItemGroup>
    <ClInclude Include="sqlite-201310070036\src\sqlite3.h">
      <Filter>sqlite</Filter>
    </ClInclude>
    <ClInclude Include="sqlite-201310070036\src\sqlite3ext.h">
      <Filter>sqlite</Filter>
    </ClInclude>
    <ClInclude Include="include\dllmain.h">
      <Filter>include</Filter>
    </ClInclude>
    <ClInclude Include="include\stdafx.h">
      <Filter>include</Filter>
    </ClInclude>
    <ClInclude Include="include\TaggableShellEx.CHandler.h">
      <Filter>include</Filter>
    </ClInclude>
    <ClInclude Include="include\TaggableShellEx.Taghelper.h">
      <Filter>include</Filter>
    </ClInclude>
    <ClInclude Include="include\TaggableShellEx.Utils.h">
      <Filter>include</Filter>
    </ClInclude>
    <ClInclude Include="include\targetver.h">
      <Filter>include</Filter>
    </ClInclude>
    <ClInclude Include="include\TaggableShellEx.Form.TagManager.h">
      <Filter>include</Filter>
    </ClInclude>
    <ClInclude Include="src\resource.h">
      <Filter>include</Filter>
    </ClInclude>
    <ClInclude Include="include\TaggableShellEx.NsExt.CShellViewImpl.h">
      <Filter>include</Filter>
    </ClInclude>
    <ClInclude Include="include\TaggableShellEx.NsExt.CShellFolderImpl.h">
      <Filter>include</Filter>
    </ClInclude>
    <ClInclude Include="include\TaggableShellEx.NsExt.CEnumIDListImpl.h">
      <Filter>include</Filter>
    </ClInclude>
    <ClInclude Include="include\PidlMgr.h">
      <Filter>include</Filter>
    </ClInclude>
  </ItemGroup>
  <ItemGroup>
    <None Include="UnRegister.reg" />
    <None Include="Register.ContextMenu.reg" />
    <None Include="onbuild.bat" />
    <None Include="Register.PropertyPage.reg" />
    <None Include="src\Export.def">
      <Filter>资源文件</Filter>
    </None>
    <None Include="Register.ShellFolder.reg" />
    <None Include="building.bat" />
  </ItemGroup>
  <ItemGroup>
    <ResourceCompile Include="src\TaggableShellEx.Handlers.rc">
      <Filter>资源文件</Filter>
    </ResourceCompile>
  </ItemGroup>
  <ItemGroup>
    <Text Include="..\ReviewＮotes.txt" />
  </ItemGroup>
  <ItemGroup>
    <Image Include="resources\16x16.png">
      <Filter>资源文件</Filter>
    </Image>
    <Image Include="resources\48x48.ico">
      <Filter>资源文件</Filter>
    </Image>
  </ItemGroup>
</Project>